github.com/pgvanniekerk/ezapp v1.1.0 h1:xzbjYEoWUtwgNRMeDDHl6Dq5oPw427I26bd/sPR9BY4=
github.com/pgvanniekerk/ezapp v1.1.0/go.mod h1:ZIeXrENxjBju/6zon0dn8F8FUg2ZQrb2zkGZYziYrGI=
golang.org/x/sync v0.12.0 h1:MHc5BpPuC30uJk597Ri8TV3CNZcTLu6B6z4lJy+g6Jw=
golang.org/x/sync v0.12.0/go.mod h1:1dzgHSNfp02xaA81J2MS99Qcpr2w7fw1gpm99rleRqA=
